
Microsoft Visual Studio Solution File, Format Version 12.00
# Visual Studio Version 16
VisualStudioVersion = 16.0.30523.141
MinimumVisualStudioVersion = 10.0.40219.1
Project("{FAE04EC0-301F-11D3-BF4B-00C04F79EFBC}") = "Scliente", "Scliente\Scliente.csproj", "{45B97C51-A3D0-4A3C-BE12-7B859CDCF25A}"
EndProject
Global
	GlobalSection(SolutionConfigurationPlatforms) = preSolution
		Debug|Any CPU = Debug|Any CPU
		Release|Any CPU = Release|Any CPU
	EndGlobalSection
	GlobalSection(ProjectConfigurationPlatforms) = postSolution
		{45B97C51-A3D0-4A3C-BE12-7B859CDCF25A}.Debug|Any CPU.ActiveCfg = Debug|Any CPU
		{45B97C51-A3D0-4A3C-BE12-7B859CDCF25A}.Debug|Any CPU.Build.0 = Debug|Any CPU
		{45B97C51-A3D0-4A3C-BE12-7B859CDCF25A}.Release|Any CPU.ActiveCfg = Release|Any CPU
		{45B97C51-A3D0-4A3C-BE12-7B859CDCF25A}.Release|Any CPU.Build.0 = Release|Any CPU
	EndGlobalSection
	GlobalSection(SolutionProperties) = preSolution
		HideSolutionNode = FALSE
	EndGlobalSection
	GlobalSection(ExtensibilityGlobals) = postSolution
		SolutionGuid = {BE7BC8BA-866D-4897-9408-1E3FB3D27FB0}
	EndGlobalSection
EndGlobal
